Microsoft Visual Studio Solution File, Format Version 12.00
# Visual Studio 2013
Project("{8BC9CEB8-8B4A-11D0-8D11-00A0C91BC942}") = "ALL_BUILD", "ALL_BUILD.vcxproj", "{76C1C089-645D-473D-9898-9447A6C3F4A3}"
	ProjectSection(ProjectDependencies) = postProject
		{AF195030-ECC8-4852-9A7C-9BE46E40D6FB} = {AF195030-ECC8-4852-9A7C-9BE46E40D6FB}
		{9735BCA4-802E-4590-AAD5-2E4611A827DB} = {9735BCA4-802E-4590-AAD5-2E4611A827DB}
		{85F31A46-0441-4DAF-B18C-EB62510904C3} = {85F31A46-0441-4DAF-B18C-EB62510904C3}
		{2ADD8C8E-A4C0-46A9-AF90-9A9323791857} = {2ADD8C8E-A4C0-46A9-AF90-9A9323791857}
		{4AB1A04C-6605-4722-908D-D880E7116ADC} = {4AB1A04C-6605-4722-908D-D880E7116ADC}
		{20D2F712-F45A-4CB9-A813-1E04FC66A8FE} = {20D2F712-F45A-4CB9-A813-1E04FC66A8FE}
		{F0D680F5-3522-4B23-87F3-AD28B0A749D2} = {F0D680F5-3522-4B23-87F3-AD28B0A749D2}
		{BDD8DD58-09A1-4D6C-8C1F-E3371F97EA94} = {BDD8DD58-09A1-4D6C-8C1F-E3371F97EA94}
		{D481DA00-E824-4B29-B2EF-85CA76C40BFF} = {D481DA00-E824-4B29-B2EF-85CA76C40BFF}
		{D1A91A76-3CE1-434A-B763-C3CC5677BDEF} = {D1A91A76-3CE1-434A-B763-C3CC5677BDEF}
		{90302608-BD51-4F2C-9884-B52B5B3A8484} = {90302608-BD51-4F2C-9884-B52B5B3A8484}
		{33DDEEFE-AC77-40E3-8095-C3514399C945} = {33DDEEFE-AC77-40E3-8095-C3514399C945}
		{CD9BA3CD-B890-4662-9C00-5C344D97ABBF} = {CD9BA3CD-B890-4662-9C00-5C344D97ABBF}
		{5A74D39A-6688-4FF4-9FAD-BCD01DED5A6D} = {5A74D39A-6688-4FF4-9FAD-BCD01DED5A6D}
		{3FD74BE8-5557-31F8-B30D-EA819D726C0D} = {3FD74BE8-5557-31F8-B30D-EA819D726C0D}
		{B9901045-3C8C-49E3-A4BE-5B9613E4ADD3} = {B9901045-3C8C-49E3-A4BE-5B9613E4ADD3}
		{42B778F2-9181-42CA-AB1D-7531C05853C4} = {42B778F2-9181-42CA-AB1D-7531C05853C4}
		{48D34084-5BA1-4FFE-BDCC-2BED0A39AF7C} = {48D34084-5BA1-4FFE-BDCC-2BED0A39AF7C}
		{40CEECE7-302D-468D-A24E-7973B8316A0A} = {40CEECE7-302D-468D-A24E-7973B8316A0A}
		{1AD4F1EB-9FB6-38C9-875A-6BD4643A6F5C} = {1AD4F1EB-9FB6-38C9-875A-6BD4643A6F5C}
	EndProjectSection
EndProject
Project("{8BC9CEB8-8B4A-11D0-8D11-00A0C91BC942}") = "INSTALL", "INSTALL.vcxproj", "{00F0A53D-23BA-4D89-9D1C-9D97AA548205}"
	ProjectSection(ProjectDependencies) = postProject
		{76C1C089-645D-473D-9898-9447A6C3F4A3} = {76C1C089-645D-473D-9898-9447A6C3F4A3}
	EndProjectSection
EndProject
Project("{8BC9CEB8-8B4A-11D0-8D11-00A0C91BC942}") = "ZERO_CHECK", "ZERO_CHECK.vcxproj", "{AF195030-ECC8-4852-9A7C-9BE46E40D6FB}"
	ProjectSection(ProjectDependencies) = postProject
	EndProjectSection
EndProject
Project("{8BC9CEB8-8B4A-11D0-8D11-00A0C91BC942}") = "caffe", "src\caffe\caffe.vcxproj", "{9735BCA4-802E-4590-AAD5-2E4611A827DB}"
	ProjectSection(ProjectDependencies) = postProject
		{AF195030-ECC8-4852-9A7C-9BE46E40D6FB} = {AF195030-ECC8-4852-9A7C-9BE46E40D6FB}
		{5A74D39A-6688-4FF4-9FAD-BCD01DED5A6D} = {5A74D39A-6688-4FF4-9FAD-BCD01DED5A6D}
	EndProjectSection
EndProject
Project("{8BC9CEB8-8B4A-11D0-8D11-00A0C91BC942}") = "caffe.bin", "tools\caffe.bin.vcxproj", "{85F31A46-0441-4DAF-B18C-EB62510904C3}"
	ProjectSection(ProjectDependencies) = postProject
		{AF195030-ECC8-4852-9A7C-9BE46E40D6FB} = {AF195030-ECC8-4852-9A7C-9BE46E40D6FB}
		{9735BCA4-802E-4590-AAD5-2E4611A827DB} = {9735BCA4-802E-4590-AAD5-2E4611A827DB}
		{5A74D39A-6688-4FF4-9FAD-BCD01DED5A6D} = {5A74D39A-6688-4FF4-9FAD-BCD01DED5A6D}
	EndProjectSection
EndProject
Project("{8BC9CEB8-8B4A-11D0-8D11-00A0C91BC942}") = "classification", "examples\classification.vcxproj", "{2ADD8C8E-A4C0-46A9-AF90-9A9323791857}"
	ProjectSection(ProjectDependencies) = postProject
		{AF195030-ECC8-4852-9A7C-9BE46E40D6FB} = {AF195030-ECC8-4852-9A7C-9BE46E40D6FB}
		{9735BCA4-802E-4590-AAD5-2E4611A827DB} = {9735BCA4-802E-4590-AAD5-2E4611A827DB}
		{5A74D39A-6688-4FF4-9FAD-BCD01DED5A6D} = {5A74D39A-6688-4FF4-9FAD-BCD01DED5A6D}
	EndProjectSection
EndProject
Project("{8BC9CEB8-8B4A-11D0-8D11-00A0C91BC942}") = "compute_image_mean", "tools\compute_image_mean.vcxproj", "{4AB1A04C-6605-4722-908D-D880E7116ADC}"
	ProjectSection(ProjectDependencies) = postProject
		{AF195030-ECC8-4852-9A7C-9BE46E40D6FB} = {AF195030-ECC8-4852-9A7C-9BE46E40D6FB}
		{9735BCA4-802E-4590-AAD5-2E4611A827DB} = {9735BCA4-802E-4590-AAD5-2E4611A827DB}
		{5A74D39A-6688-4FF4-9FAD-BCD01DED5A6D} = {5A74D39A-6688-4FF4-9FAD-BCD01DED5A6D}
	EndProjectSection
EndProject
Project("{8BC9CEB8-8B4A-11D0-8D11-00A0C91BC942}") = "convert_cifar_data", "examples\convert_cifar_data.vcxproj", "{20D2F712-F45A-4CB9-A813-1E04FC66A8FE}"
	ProjectSection(ProjectDependencies) = postProject
		{AF195030-ECC8-4852-9A7C-9BE46E40D6FB} = {AF195030-ECC8-4852-9A7C-9BE46E40D6FB}
		{9735BCA4-802E-4590-AAD5-2E4611A827DB} = {9735BCA4-802E-4590-AAD5-2E4611A827DB}
		{5A74D39A-6688-4FF4-9FAD-BCD01DED5A6D} = {5A74D39A-6688-4FF4-9FAD-BCD01DED5A6D}
	EndProjectSection
EndProject
Project("{8BC9CEB8-8B4A-11D0-8D11-00A0C91BC942}") = "convert_imageset", "tools\convert_imageset.vcxproj", "{F0D680F5-3522-4B23-87F3-AD28B0A749D2}"
	ProjectSection(ProjectDependencies) = postProject
		{AF195030-ECC8-4852-9A7C-9BE46E40D6FB} = {AF195030-ECC8-4852-9A7C-9BE46E40D6FB}
		{9735BCA4-802E-4590-AAD5-2E4611A827DB} = {9735BCA4-802E-4590-AAD5-2E4611A827DB}
		{5A74D39A-6688-4FF4-9FAD-BCD01DED5A6D} = {5A74D39A-6688-4FF4-9FAD-BCD01DED5A6D}
	EndProjectSection
EndProject
Project("{8BC9CEB8-8B4A-11D0-8D11-00A0C91BC942}") = "convert_mnist_data", "examples\convert_mnist_data.vcxproj", "{BDD8DD58-09A1-4D6C-8C1F-E3371F97EA94}"
	ProjectSection(ProjectDependencies) = postProject
		{AF195030-ECC8-4852-9A7C-9BE46E40D6FB} = {AF195030-ECC8-4852-9A7C-9BE46E40D6FB}
		{9735BCA4-802E-4590-AAD5-2E4611A827DB} = {9735BCA4-802E-4590-AAD5-2E4611A827DB}
		{5A74D39A-6688-4FF4-9FAD-BCD01DED5A6D} = {5A74D39A-6688-4FF4-9FAD-BCD01DED5A6D}
	EndProjectSection
EndProject
Project("{8BC9CEB8-8B4A-11D0-8D11-00A0C91BC942}") = "convert_mnist_siamese_data", "examples\convert_mnist_siamese_data.vcxproj", "{D481DA00-E824-4B29-B2EF-85CA76C40BFF}"
	ProjectSection(ProjectDependencies) = postProject
		{AF195030-ECC8-4852-9A7C-9BE46E40D6FB} = {AF195030-ECC8-4852-9A7C-9BE46E40D6FB}
		{9735BCA4-802E-4590-AAD5-2E4611A827DB} = {9735BCA4-802E-4590-AAD5-2E4611A827DB}
		{5A74D39A-6688-4FF4-9FAD-BCD01DED5A6D} = {5A74D39A-6688-4FF4-9FAD-BCD01DED5A6D}
	EndProjectSection
EndProject
Project("{8BC9CEB8-8B4A-11D0-8D11-00A0C91BC942}") = "device_query", "tools\device_query.vcxproj", "{D1A91A76-3CE1-434A-B763-C3CC5677BDEF}"
	ProjectSection(ProjectDependencies) = postProject
		{AF195030-ECC8-4852-9A7C-9BE46E40D6FB} = {AF195030-ECC8-4852-9A7C-9BE46E40D6FB}
		{9735BCA4-802E-4590-AAD5-2E4611A827DB} = {9735BCA4-802E-4590-AAD5-2E4611A827DB}
		{5A74D39A-6688-4FF4-9FAD-BCD01DED5A6D} = {5A74D39A-6688-4FF4-9FAD-BCD01DED5A6D}
	EndProjectSection
EndProject
Project("{8BC9CEB8-8B4A-11D0-8D11-00A0C91BC942}") = "extract_features", "tools\extract_features.vcxproj", "{90302608-BD51-4F2C-9884-B52B5B3A8484}"
	ProjectSection(ProjectDependencies) = postProject
		{AF195030-ECC8-4852-9A7C-9BE46E40D6FB} = {AF195030-ECC8-4852-9A7C-9BE46E40D6FB}
		{9735BCA4-802E-4590-AAD5-2E4611A827DB} = {9735BCA4-802E-4590-AAD5-2E4611A827DB}
		{5A74D39A-6688-4FF4-9FAD-BCD01DED5A6D} = {5A74D39A-6688-4FF4-9FAD-BCD01DED5A6D}
	EndProjectSection
EndProject
Project("{8BC9CEB8-8B4A-11D0-8D11-00A0C91BC942}") = "finetune_net", "tools\finetune_net.vcxproj", "{33DDEEFE-AC77-40E3-8095-C3514399C945}"
	ProjectSection(ProjectDependencies) = postProject
		{AF195030-ECC8-4852-9A7C-9BE46E40D6FB} = {AF195030-ECC8-4852-9A7C-9BE46E40D6FB}
		{9735BCA4-802E-4590-AAD5-2E4611A827DB} = {9735BCA4-802E-4590-AAD5-2E4611A827DB}
		{5A74D39A-6688-4FF4-9FAD-BCD01DED5A6D} = {5A74D39A-6688-4FF4-9FAD-BCD01DED5A6D}
	EndProjectSection
EndProject
Project("{8BC9CEB8-8B4A-11D0-8D11-00A0C91BC942}") = "gtest", "src\gtest\gtest.vcxproj", "{9EE84463-D9A5-4AC6-8E13-DC1A2B2E22C4}"
	ProjectSection(ProjectDependencies) = postProject
		{AF195030-ECC8-4852-9A7C-9BE46E40D6FB} = {AF195030-ECC8-4852-9A7C-9BE46E40D6FB}
	EndProjectSection
EndProject
Project("{8BC9CEB8-8B4A-11D0-8D11-00A0C91BC942}") = "lint", "lint.vcxproj", "{F7AC4B42-EC9E-4922-BAFB-9E66FC94DD80}"
	ProjectSection(ProjectDependencies) = postProject
		{AF195030-ECC8-4852-9A7C-9BE46E40D6FB} = {AF195030-ECC8-4852-9A7C-9BE46E40D6FB}
	EndProjectSection
EndProject
Project("{8BC9CEB8-8B4A-11D0-8D11-00A0C91BC942}") = "net_speed_benchmark", "tools\net_speed_benchmark.vcxproj", "{CD9BA3CD-B890-4662-9C00-5C344D97ABBF}"
	ProjectSection(ProjectDependencies) = postProject
		{AF195030-ECC8-4852-9A7C-9BE46E40D6FB} = {AF195030-ECC8-4852-9A7C-9BE46E40D6FB}
		{9735BCA4-802E-4590-AAD5-2E4611A827DB} = {9735BCA4-802E-4590-AAD5-2E4611A827DB}
		{5A74D39A-6688-4FF4-9FAD-BCD01DED5A6D} = {5A74D39A-6688-4FF4-9FAD-BCD01DED5A6D}
	EndProjectSection
EndProject
Project("{8BC9CEB8-8B4A-11D0-8D11-00A0C91BC942}") = "proto", "src\caffe\proto.vcxproj", "{5A74D39A-6688-4FF4-9FAD-BCD01DED5A6D}"
	ProjectSection(ProjectDependencies) = postProject
		{AF195030-ECC8-4852-9A7C-9BE46E40D6FB} = {AF195030-ECC8-4852-9A7C-9BE46E40D6FB}
	EndProjectSection
EndProject
Project("{8BC9CEB8-8B4A-11D0-8D11-00A0C91BC942}") = "pycaffe", "python\pycaffe.vcxproj", "{3FD74BE8-5557-31F8-B30D-EA819D726C0D}"
	ProjectSection(ProjectDependencies) = postProject
		{AF195030-ECC8-4852-9A7C-9BE46E40D6FB} = {AF195030-ECC8-4852-9A7C-9BE46E40D6FB}
		{9735BCA4-802E-4590-AAD5-2E4611A827DB} = {9735BCA4-802E-4590-AAD5-2E4611A827DB}
		{5A74D39A-6688-4FF4-9FAD-BCD01DED5A6D} = {5A74D39A-6688-4FF4-9FAD-BCD01DED5A6D}
	EndProjectSection
EndProject
Project("{8BC9CEB8-8B4A-11D0-8D11-00A0C91BC942}") = "pytest", "pytest.vcxproj", "{69073F6F-2EDB-3408-A080-0781B920D4E5}"
	ProjectSection(ProjectDependencies) = postProject
		{AF195030-ECC8-4852-9A7C-9BE46E40D6FB} = {AF195030-ECC8-4852-9A7C-9BE46E40D6FB}
		{3FD74BE8-5557-31F8-B30D-EA819D726C0D} = {3FD74BE8-5557-31F8-B30D-EA819D726C0D}
	EndProjectSection
EndProject
Project("{8BC9CEB8-8B4A-11D0-8D11-00A0C91BC942}") = "runtest", "src\caffe\test\runtest.vcxproj", "{51CD13E7-6DA4-4352-962C-9AEF1EDFA699}"
	ProjectSection(ProjectDependencies) = postProject
		{AF195030-ECC8-4852-9A7C-9BE46E40D6FB} = {AF195030-ECC8-4852-9A7C-9BE46E40D6FB}
		{6AF31166-153C-4797-AD29-964D4EBA2B40} = {6AF31166-153C-4797-AD29-964D4EBA2B40}
	EndProjectSection
EndProject
Project("{8BC9CEB8-8B4A-11D0-8D11-00A0C91BC942}") = "test.testbin", "src\caffe\test\test.testbin.vcxproj", "{6AF31166-153C-4797-AD29-964D4EBA2B40}"
	ProjectSection(ProjectDependencies) = postProject
		{AF195030-ECC8-4852-9A7C-9BE46E40D6FB} = {AF195030-ECC8-4852-9A7C-9BE46E40D6FB}
		{9735BCA4-802E-4590-AAD5-2E4611A827DB} = {9735BCA4-802E-4590-AAD5-2E4611A827DB}
		{9EE84463-D9A5-4AC6-8E13-DC1A2B2E22C4} = {9EE84463-D9A5-4AC6-8E13-DC1A2B2E22C4}
		{5A74D39A-6688-4FF4-9FAD-BCD01DED5A6D} = {5A74D39A-6688-4FF4-9FAD-BCD01DED5A6D}
	EndProjectSection
EndProject
Project("{8BC9CEB8-8B4A-11D0-8D11-00A0C91BC942}") = "test_net", "tools\test_net.vcxproj", "{B9901045-3C8C-49E3-A4BE-5B9613E4ADD3}"
	ProjectSection(ProjectDependencies) = postProject
		{AF195030-ECC8-4852-9A7C-9BE46E40D6FB} = {AF195030-ECC8-4852-9A7C-9BE46E40D6FB}
		{9735BCA4-802E-4590-AAD5-2E4611A827DB} = {9735BCA4-802E-4590-AAD5-2E4611A827DB}
		{5A74D39A-6688-4FF4-9FAD-BCD01DED5A6D} = {5A74D39A-6688-4FF4-9FAD-BCD01DED5A6D}
	EndProjectSection
EndProject
Project("{8BC9CEB8-8B4A-11D0-8D11-00A0C91BC942}") = "train_net", "tools\train_net.vcxproj", "{42B778F2-9181-42CA-AB1D-7531C05853C4}"
	ProjectSection(ProjectDependencies) = postProject
		{AF195030-ECC8-4852-9A7C-9BE46E40D6FB} = {AF195030-ECC8-4852-9A7C-9BE46E40D6FB}
		{9735BCA4-802E-4590-AAD5-2E4611A827DB} = {9735BCA4-802E-4590-AAD5-2E4611A827DB}
		{5A74D39A-6688-4FF4-9FAD-BCD01DED5A6D} = {5A74D39A-6688-4FF4-9FAD-BCD01DED5A6D}
	EndProjectSection
EndProject
Project("{8BC9CEB8-8B4A-11D0-8D11-00A0C91BC942}") = "upgrade_net_proto_binary", "tools\upgrade_net_proto_binary.vcxproj", "{48D34084-5BA1-4FFE-BDCC-2BED0A39AF7C}"
	ProjectSection(ProjectDependencies) = postProject
		{AF195030-ECC8-4852-9A7C-9BE46E40D6FB} = {AF195030-ECC8-4852-9A7C-9BE46E40D6FB}
		{9735BCA4-802E-4590-AAD5-2E4611A827DB} = {9735BCA4-802E-4590-AAD5-2E4611A827DB}
		{5A74D39A-6688-4FF4-9FAD-BCD01DED5A6D} = {5A74D39A-6688-4FF4-9FAD-BCD01DED5A6D}
	EndProjectSection
EndProject
Project("{8BC9CEB8-8B4A-11D0-8D11-00A0C91BC942}") = "upgrade_net_proto_text", "tools\upgrade_net_proto_text.vcxproj", "{40CEECE7-302D-468D-A24E-7973B8316A0A}"
	ProjectSection(ProjectDependencies) = postProject
		{AF195030-ECC8-4852-9A7C-9BE46E40D6FB} = {AF195030-ECC8-4852-9A7C-9BE46E40D6FB}
		{9735BCA4-802E-4590-AAD5-2E4611A827DB} = {9735BCA4-802E-4590-AAD5-2E4611A827DB}
		{5A74D39A-6688-4FF4-9FAD-BCD01DED5A6D} = {5A74D39A-6688-4FF4-9FAD-BCD01DED5A6D}
	EndProjectSection
EndProject
Project("{8BC9CEB8-8B4A-11D0-8D11-00A0C91BC942}") = "upgrade_solver_proto_text", "tools\upgrade_solver_proto_text.vcxproj", "{1AD4F1EB-9FB6-38C9-875A-6BD4643A6F5C}"
	ProjectSection(ProjectDependencies) = postProject
		{AF195030-ECC8-4852-9A7C-9BE46E40D6FB} = {AF195030-ECC8-4852-9A7C-9BE46E40D6FB}
		{9735BCA4-802E-4590-AAD5-2E4611A827DB} = {9735BCA4-802E-4590-AAD5-2E4611A827DB}
		{5A74D39A-6688-4FF4-9FAD-BCD01DED5A6D} = {5A74D39A-6688-4FF4-9FAD-BCD01DED5A6D}
	EndProjectSection
EndProject
Project("{2150E333-8FDC-42A3-9474-1A3956D46DE8}") = "CMakeTargets", "CMakeTargets", "{0BDFCF26-BC4B-460E-8895-1FE921C99A14}"
EndProject
Project("{2150E333-8FDC-42A3-9474-1A3956D46DE8}") = "examples", "examples", "{E7C5C6B3-ABFD-475C-9AAD-5895272DFC5A}"
EndProject
Project("{2150E333-8FDC-42A3-9474-1A3956D46DE8}") = "tools", "tools", "{0A2D51D3-6D93-4610-B804-F74E5C3553F0}"
EndProject
Global
	GlobalSection(SolutionConfigurationPlatforms) = preSolution
		Debug|x64 = Debug|x64
		Release|x64 = Release|x64
	EndGlobalSection
	GlobalSection(ProjectConfigurationPlatforms) = postSolution
		{76C1C089-645D-473D-9898-9447A6C3F4A3}.Debug|x64.ActiveCfg = Debug|x64
		{76C1C089-645D-473D-9898-9447A6C3F4A3}.Debug|x64.Build.0 = Debug|x64
		{76C1C089-645D-473D-9898-9447A6C3F4A3}.Release|x64.ActiveCfg = Release|x64
		{76C1C089-645D-473D-9898-9447A6C3F4A3}.Release|x64.Build.0 = Release|x64
		{00F0A53D-23BA-4D89-9D1C-9D97AA548205}.Debug|x64.ActiveCfg = Debug|x64
		{00F0A53D-23BA-4D89-9D1C-9D97AA548205}.Release|x64.ActiveCfg = Release|x64
		{AF195030-ECC8-4852-9A7C-9BE46E40D6FB}.Debug|x64.ActiveCfg = Debug|x64
		{AF195030-ECC8-4852-9A7C-9BE46E40D6FB}.Debug|x64.Build.0 = Debug|x64
		{AF195030-ECC8-4852-9A7C-9BE46E40D6FB}.Release|x64.ActiveCfg = Release|x64
		{AF195030-ECC8-4852-9A7C-9BE46E40D6FB}.Release|x64.Build.0 = Release|x64
		{9735BCA4-802E-4590-AAD5-2E4611A827DB}.Debug|x64.ActiveCfg = Debug|x64
		{9735BCA4-802E-4590-AAD5-2E4611A827DB}.Debug|x64.Build.0 = Debug|x64
		{9735BCA4-802E-4590-AAD5-2E4611A827DB}.Release|x64.ActiveCfg = Release|x64
		{9735BCA4-802E-4590-AAD5-2E4611A827DB}.Release|x64.Build.0 = Release|x64
		{85F31A46-0441-4DAF-B18C-EB62510904C3}.Debug|x64.ActiveCfg = Debug|x64
		{85F31A46-0441-4DAF-B18C-EB62510904C3}.Debug|x64.Build.0 = Debug|x64
		{85F31A46-0441-4DAF-B18C-EB62510904C3}.Release|x64.ActiveCfg = Release|x64
		{85F31A46-0441-4DAF-B18C-EB62510904C3}.Release|x64.Build.0 = Release|x64
		{2ADD8C8E-A4C0-46A9-AF90-9A9323791857}.Debug|x64.ActiveCfg = Debug|x64
		{2ADD8C8E-A4C0-46A9-AF90-9A9323791857}.Debug|x64.Build.0 = Debug|x64
		{2ADD8C8E-A4C0-46A9-AF90-9A9323791857}.Release|x64.ActiveCfg = Release|x64
		{2ADD8C8E-A4C0-46A9-AF90-9A9323791857}.Release|x64.Build.0 = Release|x64
		{4AB1A04C-6605-4722-908D-D880E7116ADC}.Debug|x64.ActiveCfg = Debug|x64
		{4AB1A04C-6605-4722-908D-D880E7116ADC}.Debug|x64.Build.0 = Debug|x64
		{4AB1A04C-6605-4722-908D-D880E7116ADC}.Release|x64.ActiveCfg = Release|x64
		{4AB1A04C-6605-4722-908D-D880E7116ADC}.Release|x64.Build.0 = Release|x64
		{20D2F712-F45A-4CB9-A813-1E04FC66A8FE}.Debug|x64.ActiveCfg = Debug|x64
		{20D2F712-F45A-4CB9-A813-1E04FC66A8FE}.Debug|x64.Build.0 = Debug|x64
		{20D2F712-F45A-4CB9-A813-1E04FC66A8FE}.Release|x64.ActiveCfg = Release|x64
		{20D2F712-F45A-4CB9-A813-1E04FC66A8FE}.Release|x64.Build.0 = Release|x64
		{F0D680F5-3522-4B23-87F3-AD28B0A749D2}.Debug|x64.ActiveCfg = Debug|x64
		{F0D680F5-3522-4B23-87F3-AD28B0A749D2}.Debug|x64.Build.0 = Debug|x64
		{F0D680F5-3522-4B23-87F3-AD28B0A749D2}.Release|x64.ActiveCfg = Release|x64
		{F0D680F5-3522-4B23-87F3-AD28B0A749D2}.Release|x64.Build.0 = Release|x64
		{BDD8DD58-09A1-4D6C-8C1F-E3371F97EA94}.Debug|x64.ActiveCfg = Debug|x64
		{BDD8DD58-09A1-4D6C-8C1F-E3371F97EA94}.Debug|x64.Build.0 = Debug|x64
		{BDD8DD58-09A1-4D6C-8C1F-E3371F97EA94}.Release|x64.ActiveCfg = Release|x64
		{BDD8DD58-09A1-4D6C-8C1F-E3371F97EA94}.Release|x64.Build.0 = Release|x64
		{D481DA00-E824-4B29-B2EF-85CA76C40BFF}.Debug|x64.ActiveCfg = Debug|x64
		{D481DA00-E824-4B29-B2EF-85CA76C40BFF}.Debug|x64.Build.0 = Debug|x64
		{D481DA00-E824-4B29-B2EF-85CA76C40BFF}.Release|x64.ActiveCfg = Release|x64
		{D481DA00-E824-4B29-B2EF-85CA76C40BFF}.Release|x64.Build.0 = Release|x64
		{D1A91A76-3CE1-434A-B763-C3CC5677BDEF}.Debug|x64.ActiveCfg = Debug|x64
		{D1A91A76-3CE1-434A-B763-C3CC5677BDEF}.Debug|x64.Build.0 = Debug|x64
		{D1A91A76-3CE1-434A-B763-C3CC5677BDEF}.Release|x64.ActiveCfg = Release|x64
		{D1A91A76-3CE1-434A-B763-C3CC5677BDEF}.Release|x64.Build.0 = Release|x64
		{90302608-BD51-4F2C-9884-B52B5B3A8484}.Debug|x64.ActiveCfg = Debug|x64
		{90302608-BD51-4F2C-9884-B52B5B3A8484}.Debug|x64.Build.0 = Debug|x64
		{90302608-BD51-4F2C-9884-B52B5B3A8484}.Release|x64.ActiveCfg = Release|x64
		{90302608-BD51-4F2C-9884-B52B5B3A8484}.Release|x64.Build.0 = Release|x64
		{33DDEEFE-AC77-40E3-8095-C3514399C945}.Debug|x64.ActiveCfg = Debug|x64
		{33DDEEFE-AC77-40E3-8095-C3514399C945}.Debug|x64.Build.0 = Debug|x64
		{33DDEEFE-AC77-40E3-8095-C3514399C945}.Release|x64.ActiveCfg = Release|x64
		{33DDEEFE-AC77-40E3-8095-C3514399C945}.Release|x64.Build.0 = Release|x64
		{9EE84463-D9A5-4AC6-8E13-DC1A2B2E22C4}.Debug|x64.ActiveCfg = Debug|x64
		{9EE84463-D9A5-4AC6-8E13-DC1A2B2E22C4}.Debug|x64.Build.0 = Debug|x64
		{9EE84463-D9A5-4AC6-8E13-DC1A2B2E22C4}.Release|x64.ActiveCfg = Release|x64
		{9EE84463-D9A5-4AC6-8E13-DC1A2B2E22C4}.Release|x64.Build.0 = Release|x64
		{F7AC4B42-EC9E-4922-BAFB-9E66FC94DD80}.Debug|x64.ActiveCfg = Debug|x64
		{F7AC4B42-EC9E-4922-BAFB-9E66FC94DD80}.Release|x64.ActiveCfg = Release|x64
		{CD9BA3CD-B890-4662-9C00-5C344D97ABBF}.Debug|x64.ActiveCfg = Debug|x64
		{CD9BA3CD-B890-4662-9C00-5C344D97ABBF}.Debug|x64.Build.0 = Debug|x64
		{CD9BA3CD-B890-4662-9C00-5C344D97ABBF}.Release|x64.ActiveCfg = Release|x64
		{CD9BA3CD-B890-4662-9C00-5C344D97ABBF}.Release|x64.Build.0 = Release|x64
		{5A74D39A-6688-4FF4-9FAD-BCD01DED5A6D}.Debug|x64.ActiveCfg = Debug|x64
		{5A74D39A-6688-4FF4-9FAD-BCD01DED5A6D}.Debug|x64.Build.0 = Debug|x64
		{5A74D39A-6688-4FF4-9FAD-BCD01DED5A6D}.Release|x64.ActiveCfg = Release|x64
		{5A74D39A-6688-4FF4-9FAD-BCD01DED5A6D}.Release|x64.Build.0 = Release|x64
		{3FD74BE8-5557-31F8-B30D-EA819D726C0D}.Debug|x64.ActiveCfg = Debug|x64
		{3FD74BE8-5557-31F8-B30D-EA819D726C0D}.Debug|x64.Build.0 = Debug|x64
		{3FD74BE8-5557-31F8-B30D-EA819D726C0D}.Release|x64.ActiveCfg = Release|x64
		{3FD74BE8-5557-31F8-B30D-EA819D726C0D}.Release|x64.Build.0 = Release|x64
		{69073F6F-2EDB-3408-A080-0781B920D4E5}.Debug|x64.ActiveCfg = Debug|x64
		{69073F6F-2EDB-3408-A080-0781B920D4E5}.Release|x64.ActiveCfg = Release|x64
		{51CD13E7-6DA4-4352-962C-9AEF1EDFA699}.Debug|x64.ActiveCfg = Debug|x64
		{51CD13E7-6DA4-4352-962C-9AEF1EDFA699}.Release|x64.ActiveCfg = Release|x64
		{6AF31166-153C-4797-AD29-964D4EBA2B40}.Debug|x64.ActiveCfg = Debug|x64
		{6AF31166-153C-4797-AD29-964D4EBA2B40}.Debug|x64.Build.0 = Debug|x64
		{6AF31166-153C-4797-AD29-964D4EBA2B40}.Release|x64.ActiveCfg = Release|x64
		{6AF31166-153C-4797-AD29-964D4EBA2B40}.Release|x64.Build.0 = Release|x64
		{B9901045-3C8C-49E3-A4BE-5B9613E4ADD3}.Debug|x64.ActiveCfg = Debug|x64
		{B9901045-3C8C-49E3-A4BE-5B9613E4ADD3}.Debug|x64.Build.0 = Debug|x64
		{B9901045-3C8C-49E3-A4BE-5B9613E4ADD3}.Release|x64.ActiveCfg = Release|x64
		{B9901045-3C8C-49E3-A4BE-5B9613E4ADD3}.Release|x64.Build.0 = Release|x64
		{42B778F2-9181-42CA-AB1D-7531C05853C4}.Debug|x64.ActiveCfg = Debug|x64
		{42B778F2-9181-42CA-AB1D-7531C05853C4}.Debug|x64.Build.0 = Debug|x64
		{42B778F2-9181-42CA-AB1D-7531C05853C4}.Release|x64.ActiveCfg = Release|x64
		{42B778F2-9181-42CA-AB1D-7531C05853C4}.Release|x64.Build.0 = Release|x64
		{48D34084-5BA1-4FFE-BDCC-2BED0A39AF7C}.Debug|x64.ActiveCfg = Debug|x64
		{48D34084-5BA1-4FFE-BDCC-2BED0A39AF7C}.Debug|x64.Build.0 = Debug|x64
		{48D34084-5BA1-4FFE-BDCC-2BED0A39AF7C}.Release|x64.ActiveCfg = Release|x64
		{48D34084-5BA1-4FFE-BDCC-2BED0A39AF7C}.Release|x64.Build.0 = Release|x64
		{40CEECE7-302D-468D-A24E-7973B8316A0A}.Debug|x64.ActiveCfg = Debug|x64
		{40CEECE7-302D-468D-A24E-7973B8316A0A}.Debug|x64.Build.0 = Debug|x64
		{40CEECE7-302D-468D-A24E-7973B8316A0A}.Release|x64.ActiveCfg = Release|x64
		{40CEECE7-302D-468D-A24E-7973B8316A0A}.Release|x64.Build.0 = Release|x64
		{1AD4F1EB-9FB6-38C9-875A-6BD4643A6F5C}.Debug|x64.ActiveCfg = Debug|x64
		{1AD4F1EB-9FB6-38C9-875A-6BD4643A6F5C}.Debug|x64.Build.0 = Debug|x64
		{1AD4F1EB-9FB6-38C9-875A-6BD4643A6F5C}.Release|x64.ActiveCfg = Release|x64
		{1AD4F1EB-9FB6-38C9-875A-6BD4643A6F5C}.Release|x64.Build.0 = Release|x64
	EndGlobalSection
	GlobalSection(NestedProjects) = preSolution
		{00F0A53D-23BA-4D89-9D1C-9D97AA548205} = {0BDFCF26-BC4B-460E-8895-1FE921C99A14}
		{AF195030-ECC8-4852-9A7C-9BE46E40D6FB} = {0BDFCF26-BC4B-460E-8895-1FE921C99A14}
		{2ADD8C8E-A4C0-46A9-AF90-9A9323791857} = {E7C5C6B3-ABFD-475C-9AAD-5895272DFC5A}
		{20D2F712-F45A-4CB9-A813-1E04FC66A8FE} = {E7C5C6B3-ABFD-475C-9AAD-5895272DFC5A}
		{BDD8DD58-09A1-4D6C-8C1F-E3371F97EA94} = {E7C5C6B3-ABFD-475C-9AAD-5895272DFC5A}
		{D481DA00-E824-4B29-B2EF-85CA76C40BFF} = {E7C5C6B3-ABFD-475C-9AAD-5895272DFC5A}
		{85F31A46-0441-4DAF-B18C-EB62510904C3} = {0A2D51D3-6D93-4610-B804-F74E5C3553F0}
		{4AB1A04C-6605-4722-908D-D880E7116ADC} = {0A2D51D3-6D93-4610-B804-F74E5C3553F0}
		{F0D680F5-3522-4B23-87F3-AD28B0A749D2} = {0A2D51D3-6D93-4610-B804-F74E5C3553F0}
		{D1A91A76-3CE1-434A-B763-C3CC5677BDEF} = {0A2D51D3-6D93-4610-B804-F74E5C3553F0}
		{90302608-BD51-4F2C-9884-B52B5B3A8484} = {0A2D51D3-6D93-4610-B804-F74E5C3553F0}
		{33DDEEFE-AC77-40E3-8095-C3514399C945} = {0A2D51D3-6D93-4610-B804-F74E5C3553F0}
		{CD9BA3CD-B890-4662-9C00-5C344D97ABBF} = {0A2D51D3-6D93-4610-B804-F74E5C3553F0}
		{B9901045-3C8C-49E3-A4BE-5B9613E4ADD3} = {0A2D51D3-6D93-4610-B804-F74E5C3553F0}
		{42B778F2-9181-42CA-AB1D-7531C05853C4} = {0A2D51D3-6D93-4610-B804-F74E5C3553F0}
		{48D34084-5BA1-4FFE-BDCC-2BED0A39AF7C} = {0A2D51D3-6D93-4610-B804-F74E5C3553F0}
		{40CEECE7-302D-468D-A24E-7973B8316A0A} = {0A2D51D3-6D93-4610-B804-F74E5C3553F0}
		{1AD4F1EB-9FB6-38C9-875A-6BD4643A6F5C} = {0A2D51D3-6D93-4610-B804-F74E5C3553F0}
	EndGlobalSection
	GlobalSection(ExtensibilityGlobals) = postSolution
	EndGlobalSection
	GlobalSection(ExtensibilityAddIns) = postSolution
	EndGlobalSection
EndGlobal
