<?xml version="1.0" encoding="UTF-8"?>
<Project ToolsVersion="12.0" xmlns="http://schemas.microsoft.com/developer/msbuild/2003">
  <ItemGroup>
    <CustomBuild Include="D:\SoftwareDK\Caffe-Windows\caffe\CMakeFiles\12f8494105ef5659c629c1a2f29e94fc\INSTALL_force.rule">
      <Filter>CMake Rules</Filter>
    </CustomBuild>
  </ItemGroup>
  <ItemGroup>
    <Filter Include="CMake Rules">
      <UniqueIdentifier>{2DB1DD22-5854-4FD1-AA0C-88230B789215}</UniqueIdentifier>
    </Filter>
  </ItemGroup>
</Project>
